
Microsoft Visual Studio Solution File, Format Version 12.00
# Visual Studio Version 17
VisualStudioVersion = 17.3.32922.545
MinimumVisualStudioVersion = 10.0.40219.1
Project("{FAE04EC0-301F-11D3-BF4B-00C04F79EFBC}") = "course", "course\course.csproj", "{D59BE48F-1072-49DF-B331-AD6B39E570DC}"
EndProject
Global
	GlobalSection(SolutionConfigurationPlatforms) = preSolution
		Debug|Any CPU = Debug|Any CPU
		Release|Any CPU = Release|Any CPU
	EndGlobalSection
	GlobalSection(ProjectConfigurationPlatforms) = postSolution
		{D59BE48F-1072-49DF-B331-AD6B39E570DC}.Debug|Any CPU.ActiveCfg = Debug|Any CPU
		{D59BE48F-1072-49DF-B331-AD6B39E570DC}.Debug|Any CPU.Build.0 = Debug|Any CPU
		{D59BE48F-1072-49DF-B331-AD6B39E570DC}.Release|Any CPU.ActiveCfg = Release|Any CPU
		{D59BE48F-1072-49DF-B331-AD6B39E570DC}.Release|Any CPU.Build.0 = Release|Any CPU
	EndGlobalSection
	GlobalSection(SolutionProperties) = preSolution
		HideSolutionNode = FALSE
	EndGlobalSection
	GlobalSection(ExtensibilityGlobals) = postSolution
		SolutionGuid = {5E4B2192-9D05-42AB-A297-B818CC6A6A5A}
	EndGlobalSection
EndGlobal
